
Microsoft Visual Studio Solution File, Format Version 12.00
# Visual Studio Version 18
VisualStudioVersion = 18.4.11626.88 stable
MinimumVisualStudioVersion = 10.0.40219.1
Project("{FAE04EC0-301F-11D3-BF4B-00C04F79EFBC}") = "MISA.API", "MISA.API\MISA.API.csproj", "{54A70586-CB0C-4DC6-AE81-ACBFF90DC5F5}"
EndProject
Project("{FAE04EC0-301F-11D3-BF4B-00C04F79EFBC}") = "MISA.BL", "MISA.BL\MISA.BL.csproj", "{BEE7AF83-8BFF-4CF9-BBE1-D52DC56953FF}"
EndProject
Project("{FAE04EC0-301F-11D3-BF4B-00C04F79EFBC}") = "MISA.DL", "MISA.DL\MISA.DL.csproj", "{97E74F49-E516-476F-9E68-A6009484AE93}"
EndProject
Project("{FAE04EC0-301F-11D3-BF4B-00C04F79EFBC}") = "MISA.Common", "MISA.Common\MISA.Common.csproj", "{E1867569-A18D-451D-99C7-5437F9FE73E5}"
EndProject
Global
	GlobalSection(SolutionConfigurationPlatforms) = preSolution
		Debug|Any CPU = Debug|Any CPU
		Release|Any CPU = Release|Any CPU
	EndGlobalSection
	GlobalSection(ProjectConfigurationPlatforms) = postSolution
		{54A70586-CB0C-4DC6-AE81-ACBFF90DC5F5}.Debug|Any CPU.ActiveCfg = Debug|Any CPU
		{54A70586-CB0C-4DC6-AE81-ACBFF90DC5F5}.Debug|Any CPU.Build.0 = Debug|Any CPU
		{54A70586-CB0C-4DC6-AE81-ACBFF90DC5F5}.Release|Any CPU.ActiveCfg = Release|Any CPU
		{54A70586-CB0C-4DC6-AE81-ACBFF90DC5F5}.Release|Any CPU.Build.0 = Release|Any CPU
		{BEE7AF83-8BFF-4CF9-BBE1-D52DC56953FF}.Debug|Any CPU.ActiveCfg = Debug|Any CPU
		{BEE7AF83-8BFF-4CF9-BBE1-D52DC56953FF}.Debug|Any CPU.Build.0 = Debug|Any CPU
		{BEE7AF83-8BFF-4CF9-BBE1-D52DC56953FF}.Release|Any CPU.ActiveCfg = Release|Any CPU
		{BEE7AF83-8BFF-4CF9-BBE1-D52DC56953FF}.Release|Any CPU.Build.0 = Release|Any CPU
		{97E74F49-E516-476F-9E68-A6009484AE93}.Debug|Any CPU.ActiveCfg = Debug|Any CPU
		{97E74F49-E516-476F-9E68-A6009484AE93}.Debug|Any CPU.Build.0 = Debug|Any CPU
		{97E74F49-E516-476F-9E68-A6009484AE93}.Release|Any CPU.ActiveCfg = Release|Any CPU
		{97E74F49-E516-476F-9E68-A6009484AE93}.Release|Any CPU.Build.0 = Release|Any CPU
		{E1867569-A18D-451D-99C7-5437F9FE73E5}.Debug|Any CPU.ActiveCfg = Debug|Any CPU
		{E1867569-A18D-451D-99C7-5437F9FE73E5}.Debug|Any CPU.Build.0 = Debug|Any CPU
		{E1867569-A18D-451D-99C7-5437F9FE73E5}.Release|Any CPU.ActiveCfg = Release|Any CPU
		{E1867569-A18D-451D-99C7-5437F9FE73E5}.Release|Any CPU.Build.0 = Release|Any CPU
	EndGlobalSection
	GlobalSection(SolutionProperties) = preSolution
		HideSolutionNode = FALSE
	EndGlobalSection
	GlobalSection(ExtensibilityGlobals) = postSolution
		SolutionGuid = {E027018F-EA8F-428C-8F16-E7D9A4E58305}
	EndGlobalSection
EndGlobal
